{"deutschland-api/sdk":{"baseUrl":"https://api.deutschland-api.dev","security":{"type":"oauth2","tokenUrl":"https://api.deutschland-api.dev/authorization/token","authorizationUrl":"https://api.deutschland-api.dev/authorization/authorize","scopes":["autobahn","bundesrat","bundestag","city","default","district","hospital","job","road","state","warning"]},"operations":{"authorization.getWhoami":{"path":"/authorization/whoami","method":"GET","return":{"code":200,"schema":{"type":"reference","target":"Backend_User"}},"arguments":[],"throws":[{"code":999,"schema":{"type":"reference","target":"Common_Message"}}],"description":"Returns user data of the current authenticated user","stability":2,"security":["authorization"],"authorization":true,"tags":[]},"authorization.revoke":{"path":"/authorization/revoke","method":"POST","return":{"code":200,"schema":{"type":"reference","target":"Common_Message"}},"arguments":[],"throws":[{"code":999,"schema":{"type":"reference","target":"Common_Message"}}],"description":"Revoke the access token of the current authenticated user","stability":2,"security":["authorization"],"authorization":true,"tags":[]},"autobahn.charging_station.getAll":{"path":"/autobahn/:autobahn_id/charging_station","method":"GET","return":{"code":200,"schema":{"type":"reference","target":"AutobahnChargingStationCollection"}},"arguments":{"autobahn_id":{"in":"path","schema":{"type":"string"}}},"throws":[{"code":400,"schema":{"type":"reference","target":"Response"}},{"code":404,"schema":{"type":"reference","target":"Response"}},{"code":500,"schema":{"type":"reference","target":"Response"}}],"description":"Returns available charging stations for a specific autobahn","stability":1,"security":[],"authorization":false,"tags":[]},"autobahn.closure.getAll":{"path":"/autobahn/:autobahn_id/closure","method":"GET","return":{"code":200,"schema":{"type":"reference","target":"AutobahnClosureCollection"}},"arguments":{"autobahn_id":{"in":"path","schema":{"type":"string"}}},"throws":[{"code":400,"schema":{"type":"reference","target":"Response"}},{"code":404,"schema":{"type":"reference","target":"Response"}},{"code":500,"schema":{"type":"reference","target":"Response"}}],"description":"Returns available closures for a specific autobahn","stability":1,"security":[],"authorization":false,"tags":[]},"autobahn.getAll":{"path":"/autobahn","method":"GET","return":{"code":200,"schema":{"type":"reference","target":"AutobahnCollection"}},"arguments":[],"throws":[{"code":400,"schema":{"type":"reference","target":"Response"}},{"code":404,"schema":{"type":"reference","target":"Response"}},{"code":500,"schema":{"type":"reference","target":"Response"}}],"description":"Returns all available autobahns","stability":1,"security":[],"authorization":false,"tags":[]},"autobahn.parking_lorry.getAll":{"path":"/autobahn/:autobahn_id/parking_lorry","method":"GET","return":{"code":200,"schema":{"type":"reference","target":"AutobahnParkingLorryCollection"}},"arguments":{"autobahn_id":{"in":"path","schema":{"type":"string"}}},"throws":[{"code":400,"schema":{"type":"reference","target":"Response"}},{"code":404,"schema":{"type":"reference","target":"Response"}},{"code":500,"schema":{"type":"reference","target":"Response"}}],"description":"Returns available parking lorries for a specific autobahn","stability":1,"security":[],"authorization":false,"tags":[]},"autobahn.warning.getAll":{"path":"/autobahn/:autobahn_id/warning","method":"GET","return":{"code":200,"schema":{"type":"reference","target":"AutobahnWarningCollection"}},"arguments":{"autobahn_id":{"in":"path","schema":{"type":"string"}}},"throws":[{"code":400,"schema":{"type":"reference","target":"Response"}},{"code":404,"schema":{"type":"reference","target":"Response"}},{"code":500,"schema":{"type":"reference","target":"Response"}}],"description":"Returns available warnings for a specific autobahn","stability":1,"security":[],"authorization":false,"tags":[]},"bundesrat.member.getAll":{"path":"/bundesrat/member","method":"GET","return":{"code":200,"schema":{"type":"reference","target":"BundesratMemberCollection"}},"arguments":[],"throws":[{"code":400,"schema":{"type":"reference","target":"Response"}},{"code":404,"schema":{"type":"reference","target":"Response"}},{"code":500,"schema":{"type":"reference","target":"Response"}}],"description":"Returns all current members of the Bundesrat","stability":1,"security":[],"authorization":false,"tags":[]},"bundestag.member.get":{"path":"/bundestag/member/:member_id","method":"GET","return":{"code":200,"schema":{"type":"reference","target":"BundestagMember"}},"arguments":{"member_id":{"in":"path","schema":{"type":"string"}}},"throws":[{"code":400,"schema":{"type":"reference","target":"Response"}},{"code":404,"schema":{"type":"reference","target":"Response"}},{"code":500,"schema":{"type":"reference","target":"Response"}}],"description":"Returns specific member of the Bundestag","stability":1,"security":[],"authorization":false,"tags":[]},"bundestag.member.getAll":{"path":"/bundestag/member","method":"GET","return":{"code":200,"schema":{"type":"reference","target":"BundestagMemberCollection"}},"arguments":[],"throws":[{"code":400,"schema":{"type":"reference","target":"Response"}},{"code":404,"schema":{"type":"reference","target":"Response"}},{"code":500,"schema":{"type":"reference","target":"Response"}}],"description":"Returns all current members of the Bundestag","stability":1,"security":[],"authorization":false,"tags":[]},"city.get":{"path":"/city/:city_id","method":"GET","return":{"code":200,"schema":{"type":"reference","target":"City"}},"arguments":{"city_id":{"in":"path","schema":{"type":"string"}}},"throws":[{"code":400,"schema":{"type":"reference","target":"Response"}},{"code":404,"schema":{"type":"reference","target":"Response"}},{"code":500,"schema":{"type":"reference","target":"Response"}}],"description":"Returns a specific city","stability":1,"security":[],"authorization":false,"tags":[]},"city.getAll":{"path":"/city","method":"GET","return":{"code":200,"schema":{"type":"reference","target":"CityCollection"}},"arguments":{"startIndex":{"in":"query","schema":{"type":"integer"}},"state":{"in":"query","schema":{"type":"string"}},"district":{"in":"query","schema":{"type":"string"}},"name":{"in":"query","schema":{"type":"string"}},"zipCode":{"in":"query","schema":{"type":"string"}}},"throws":[{"code":400,"schema":{"type":"reference","target":"Response"}},{"code":404,"schema":{"type":"reference","target":"Response"}},{"code":500,"schema":{"type":"reference","target":"Response"}}],"description":"Returns all available cities","stability":1,"security":[],"authorization":false,"tags":[]},"district.get":{"path":"/district/:district_id","method":"GET","return":{"code":200,"schema":{"type":"reference","target":"District"}},"arguments":{"district_id":{"in":"path","schema":{"type":"string"}}},"throws":[{"code":400,"schema":{"type":"reference","target":"Response"}},{"code":404,"schema":{"type":"reference","target":"Response"}},{"code":500,"schema":{"type":"reference","target":"Response"}}],"description":"Returns a specific district","stability":1,"security":[],"authorization":false,"tags":[]},"district.getAll":{"path":"/district","method":"GET","return":{"code":200,"schema":{"type":"reference","target":"DistrictCollection"}},"arguments":{"startIndex":{"in":"query","schema":{"type":"integer"}},"state":{"in":"query","schema":{"type":"string"}},"name":{"in":"query","schema":{"type":"string"}}},"throws":[{"code":400,"schema":{"type":"reference","target":"Response"}},{"code":404,"schema":{"type":"reference","target":"Response"}},{"code":500,"schema":{"type":"reference","target":"Response"}}],"description":"Returns all available districts","stability":1,"security":[],"authorization":false,"tags":[]},"hospital.getAll":{"path":"/hospital","method":"GET","return":{"code":200,"schema":{"type":"reference","target":"HospitalCollection"}},"arguments":{"startIndex":{"in":"query","schema":{"type":"integer"}},"search":{"in":"query","schema":{"type":"string"}}},"throws":[{"code":400,"schema":{"type":"reference","target":"Response"}},{"code":404,"schema":{"type":"reference","target":"Response"}},{"code":500,"schema":{"type":"reference","target":"Response"}}],"description":"Returns all available hospitals","stability":1,"security":[],"authorization":false,"tags":[]},"job.getAll":{"path":"/job","method":"GET","return":{"code":200,"schema":{"type":"reference","target":"JobCollection"}},"arguments":{"page":{"in":"query","schema":{"type":"integer"}},"search":{"in":"query","schema":{"type":"string"}},"location":{"in":"query","schema":{"type":"string"}},"employer":{"in":"query","schema":{"type":"string"}}},"throws":[{"code":400,"schema":{"type":"reference","target":"Response"}},{"code":404,"schema":{"type":"reference","target":"Response"}},{"code":500,"schema":{"type":"reference","target":"Response"}}],"description":"Returns all available jobs","stability":1,"security":[],"authorization":false,"tags":[]},"meta.getAbout":{"path":"/","method":"GET","return":{"code":200,"schema":{"type":"reference","target":"System_About"}},"arguments":[],"throws":[{"code":999,"schema":{"type":"reference","target":"Common_Message"}}],"description":"Returns meta information and links about the current installed Fusio version","stability":2,"security":[],"authorization":false,"tags":[]},"state.get":{"path":"/state/:state_id","method":"GET","return":{"code":200,"schema":{"type":"reference","target":"State"}},"arguments":{"state_id":{"in":"path","schema":{"type":"string"}}},"throws":[{"code":400,"schema":{"type":"reference","target":"Response"}},{"code":404,"schema":{"type":"reference","target":"Response"}},{"code":500,"schema":{"type":"reference","target":"Response"}}],"description":"Returns a specific state","stability":1,"security":[],"authorization":false,"tags":[]},"state.getAll":{"path":"/state","method":"GET","return":{"code":200,"schema":{"type":"reference","target":"StateCollection"}},"arguments":{"startIndex":{"in":"query","schema":{"type":"integer"}},"name":{"in":"query","schema":{"type":"string"}}},"throws":[{"code":400,"schema":{"type":"reference","target":"Response"}},{"code":404,"schema":{"type":"reference","target":"Response"}},{"code":500,"schema":{"type":"reference","target":"Response"}}],"description":"Returns all available states","stability":1,"security":[],"authorization":false,"tags":[]},"warning.getAll":{"path":"/warning","method":"GET","return":{"code":200,"schema":{"type":"reference","target":"WarningCollection"}},"arguments":[],"throws":[{"code":400,"schema":{"type":"reference","target":"Response"}},{"code":404,"schema":{"type":"reference","target":"Response"}},{"code":500,"schema":{"type":"reference","target":"Response"}}],"description":"Returns all available warnings from the modular warning system (MoWaS)","stability":1,"security":[],"authorization":false,"tags":[]}},"definitions":{"AutobahnChargingStation":{"type":"struct","properties":{"id":{"type":"string"},"title":{"type":"string"},"description":{"type":"array","schema":{"type":"string"}},"coordinate":{"type":"reference","target":"AutobahnCoordinate"}}},"AutobahnChargingStationCollection":{"type":"struct","properties":{"entries":{"type":"array","schema":{"type":"reference","target":"AutobahnChargingStation"}}}},"AutobahnClosure":{"type":"struct","properties":{"id":{"type":"string"},"blocked":{"type":"boolean"},"future":{"type":"boolean"},"title":{"type":"string"},"subtitle":{"type":"string"},"description":{"type":"array","schema":{"type":"string"}},"startDate":{"type":"string","format":"date-time"},"coordinate":{"type":"reference","target":"AutobahnCoordinate"},"lineString":{"type":"array","schema":{"type":"reference","target":"AutobahnCoordinate"}}}},"AutobahnClosureCollection":{"type":"struct","properties":{"entries":{"type":"array","schema":{"type":"reference","target":"AutobahnClosure"}}}},"AutobahnCollection":{"type":"struct","properties":{"roads":{"type":"array","schema":{"type":"string"}}}},"AutobahnCoordinate":{"type":"struct","properties":{"lat":{"type":"string"},"long":{"type":"string"}}},"AutobahnParkingLorry":{"type":"struct","properties":{"id":{"type":"string"},"title":{"type":"string"},"subtitle":{"type":"string"},"description":{"type":"array","schema":{"type":"string"}},"coordinate":{"type":"reference","target":"AutobahnCoordinate"},"features":{"type":"array","schema":{"type":"string"}}}},"AutobahnParkingLorryCollection":{"type":"struct","properties":{"entries":{"type":"array","schema":{"type":"reference","target":"AutobahnParkingLorry"}}}},"AutobahnWarning":{"type":"struct","properties":{"id":{"type":"string"},"blocked":{"type":"boolean"},"future":{"type":"boolean"},"title":{"type":"string"},"subtitle":{"type":"string"},"description":{"type":"array","schema":{"type":"string"}},"startDate":{"type":"string","format":"date-time"},"coordinate":{"type":"reference","target":"AutobahnCoordinate"},"lineString":{"type":"array","schema":{"type":"reference","target":"AutobahnCoordinate"}}}},"AutobahnWarningCollection":{"type":"struct","properties":{"entries":{"type":"array","schema":{"type":"reference","target":"AutobahnWarning"}}}},"Backend_App":{"description":"This object represents an app to access the API on-behalf of a user","type":"struct","properties":{"id":{"description":"Unique identifier for the object","type":"integer"},"userId":{"type":"integer"},"status":{"description":"Status of the object either 1 = active, 2 = pending, 3 = deactivated or 4 = deleted","type":"integer"},"name":{"description":"Unique name of the object","type":"string"},"url":{"description":"Url where the app is hosted","type":"string"},"parameters":{"description":"Optional URL-encoded parameters of the app i.e. foo=bar\u0026bar=foo","type":"string"},"appKey":{"description":"The app key also known as client id which is generated on creation","type":"string"},"appSecret":{"description":"The app secret also known as client secret which is generated on creation","type":"string"},"metadata":{"description":"Use this parameter to attach key-value data","type":"reference","target":"Common_Metadata"},"date":{"description":"The create date of this object","type":"string","format":"date-time"},"scopes":{"description":"A list of assigned scopes for this app","type":"array","schema":{"type":"string"}},"tokens":{"description":"A list of tokens which are assigned to this app","type":"array","schema":{"type":"reference","target":"Backend_Token"}}}},"Backend_Token":{"description":"This object represents a token, this an access token which was requested by a user","type":"struct","properties":{"id":{"description":"Unique identifier for the object","type":"integer"},"status":{"description":"Status of the object either 1 = active or 2 = deleted","type":"integer"},"name":{"type":"string"},"scopes":{"type":"array","schema":{"type":"string"}},"ip":{"type":"string"},"expire":{"type":"string","format":"date-time"},"date":{"type":"string","format":"date-time"}}},"Backend_User":{"description":"This object represents a user","type":"struct","properties":{"id":{"description":"Unique identifier for the object","type":"integer"},"roleId":{"description":"A role which is assigned to the user","type":"integer"},"planId":{"description":"A plan which is assigned to the user","type":"integer"},"status":{"description":"Status of the object either 1 = active, 2 = disabled or 0 = deleted","type":"integer"},"name":{"description":"Unique name of the object","type":"string"},"email":{"description":"The email address of the user","type":"string"},"points":{"description":"Points assigned to the user","type":"integer"},"scopes":{"description":"List of scopes which are assigned to the user","type":"array","schema":{"type":"string"}},"apps":{"type":"array","schema":{"type":"reference","target":"Backend_App"}},"metadata":{"description":"Use this parameter to attach key-value data","type":"reference","target":"Common_Metadata"},"date":{"description":"The insert date","type":"string","format":"date-time"}}},"BundesratMember":{"type":"struct","properties":{"honorificTitle":{"type":"string"},"firstName":{"type":"string"},"name":{"type":"string"},"party":{"type":"string"},"state":{"type":"string"},"member":{"type":"boolean"},"designated":{"type":"boolean"},"url":{"type":"string"},"imagePath":{"type":"string"},"imageDate":{"type":"string","format":"date-time"},"detail":{"type":"string"},"bio":{"type":"string"},"address":{"type":"string"}}},"BundesratMemberCollection":{"type":"struct","properties":{"entries":{"type":"array","schema":{"type":"reference","target":"BundesratMember"}}}},"BundestagConstituency":{"type":"struct","properties":{"number":{"type":"string"},"name":{"type":"string"}}},"BundestagMember":{"type":"struct","properties":{"id":{"type":"string"},"name":{"type":"string"},"party":{"type":"string"},"bioUrl":{"type":"string"},"state":{"type":"string"},"constituency":{"type":"reference","target":"BundestagConstituency"},"elected":{"type":"string"},"photo":{"type":"string"},"photoLarge":{"type":"string"},"photoLastChanged":{"type":"string","format":"date-time"},"lastChanged":{"type":"string","format":"date-time"}}},"BundestagMemberCollection":{"type":"struct","properties":{"entries":{"type":"array","schema":{"type":"reference","target":"BundestagMember"}}}},"City":{"type":"struct","properties":{"id":{"type":"integer"},"state":{"type":"string"},"rb":{"type":"string"},"district":{"type":"string"},"verb":{"type":"string"},"gem":{"type":"string"},"name":{"type":"string"},"zipCode":{"type":"string"},"area":{"type":"integer"}}},"CityCollection":{"type":"struct","parent":{"type":"reference","target":"Collection","template":{"T":"City"}}},"Collection":{"type":"struct","properties":{"totalResults":{"type":"integer"},"startIndex":{"type":"integer"},"itemsPerPage":{"type":"integer"},"entries":{"type":"array","schema":{"type":"generic","name":"T"}}}},"Common_Message":{"description":"Common error message","type":"struct","properties":{"success":{"type":"boolean"},"message":{"type":"string"},"id":{"type":"string"}}},"Common_Metadata":{"type":"map","schema":{"type":"string"}},"District":{"type":"struct","properties":{"id":{"type":"string"},"state":{"type":"string"},"type":{"type":"string"},"name":{"type":"string"},"nuts3":{"description":"NUTS3 classification","type":"string"},"area":{"description":"Size of the area in km2","type":"integer"}}},"DistrictCollection":{"type":"struct","parent":{"type":"reference","target":"Collection","template":{"T":"District"}}},"Hospital":{"type":"struct","properties":{"id":{"type":"string"},"title":{"type":"string"},"address":{"type":"string"},"link":{"type":"string"}}},"HospitalCollection":{"type":"struct","parent":{"type":"reference","target":"Collection","template":{"T":"Hospital"}}},"Job":{"type":"struct","properties":{"job":{"type":"string"},"title":{"type":"string"},"number":{"type":"string"},"location":{"type":"reference","target":"JobLocation"},"employer":{"type":"string"},"publishDate":{"type":"string","format":"date-time"},"entranceDate":{"type":"string","format":"date-time"}}},"JobCollection":{"type":"struct","parent":{"type":"reference","target":"Collection","template":{"T":"Job"}}},"JobCoordinate":{"type":"struct","properties":{"id":{"type":"string"},"title":{"type":"string"},"address":{"type":"string"},"link":{"type":"string"}}},"JobLocation":{"type":"struct","properties":{"zip":{"type":"string"},"place":{"type":"string"},"state":{"type":"string"},"country":{"type":"string"},"coordinate":{"type":"reference","target":"JobCoordinate"}}},"Response":{"type":"struct","properties":{"success":{"type":"boolean"},"message":{"type":"string"}}},"State":{"type":"struct","properties":{"id":{"type":"string"},"name":{"type":"string"},"area":{"description":"Size of the area in km2","type":"integer"}}},"StateCollection":{"type":"struct","parent":{"type":"reference","target":"Collection","template":{"T":"State"}}},"System_About":{"type":"struct","properties":{"apiVersion":{"type":"string"},"title":{"type":"string"},"description":{"type":"string"},"termsOfService":{"type":"string"},"contactName":{"type":"string"},"contactUrl":{"type":"string"},"contactEmail":{"type":"string"},"licenseName":{"type":"string"},"licenseUrl":{"type":"string"},"paymentCurrency":{"type":"string"},"categories":{"type":"array","schema":{"type":"string"}},"scopes":{"type":"array","schema":{"type":"string"}},"apps":{"type":"reference","target":"System_AboutApps"},"links":{"type":"array","schema":{"type":"reference","target":"System_AboutLink"}}}},"System_AboutApps":{"type":"map","schema":{"type":"string"}},"System_AboutLink":{"type":"struct","properties":{"rel":{"type":"string"},"href":{"type":"string"}}},"Warning":{"type":"struct","properties":{"id":{"type":"string"},"severity":{"type":"string"},"urgency":{"type":"string"},"type":{"type":"string"},"title":{"type":"string"},"startDate":{"type":"string","format":"date-time"},"expiresDate":{"type":"string","format":"date-time"}}},"WarningCollection":{"type":"struct","properties":{"entries":{"type":"array","schema":{"type":"reference","target":"Warning"}}}}}}}